Microsoft Visual Studio Solution File, Format Version 12.00
# Visual Studio Version 16
VisualStudioVersion = 16.0.29020.237
MinimumVisualStudioVersion = 10.0.40219.1
Project("{9A19103F-16F7-4668-BE54-9A1E7A4F7556}") = "MikuV3.Music", "MikuV3.Music\MikuV3.Music.csproj", "{D0CBFF33-5506-479B-B6D1-E6E319FBD447}"
EndProject
Project("{9A19103F-16F7-4668-BE54-9A1E7A4F7556}") = "MikuV3.Test", "MikuV3.Test\MikuV3.Test.csproj", "{4185CE6B-587E-4D04-A74E-E448EE257EA5}"
EndProject
Project("{9A19103F-16F7-4668-BE54-9A1E7A4F7556}") = "MikuV3.Music.ServiceManager", "MikuV3.Music.ServiceManager\MikuV3.Music.ServiceManager.csproj", "{97CB58A9-BCE3-4A93-AF7E-C7AE4B436C45}"
EndProject
Project("{9A19103F-16F7-4668-BE54-9A1E7A4F7556}") = "MikuV3.Music.Database", "MikuV3.Database\MikuV3.Music.Database.csproj", "{51F1694D-AE4E-46F3-A7E4-4C195EEAC066}"
EndProject
Project("{FAE04EC0-301F-11D3-BF4B-00C04F79EFBC}") = "MikuV3.Core", "MikuV3.Core\MikuV3.Core.csproj", "{8CC529A9-5E76-4435-B0E1-A67052AEAD4A}"
EndProject
Global
	GlobalSection(SolutionConfigurationPlatforms) = preSolution
		Debug|Any CPU = Debug|Any CPU
		Release|Any CPU = Release|Any CPU
	EndGlobalSection
	GlobalSection(ProjectConfigurationPlatforms) = postSolution
		{D0CBFF33-5506-479B-B6D1-E6E319FBD447}.Debug|Any CPU.ActiveCfg = Debug|Any CPU
		{D0CBFF33-5506-479B-B6D1-E6E319FBD447}.Debug|Any CPU.Build.0 = Debug|Any CPU
		{D0CBFF33-5506-479B-B6D1-E6E319FBD447}.Release|Any CPU.ActiveCfg = Release|Any CPU
		{D0CBFF33-5506-479B-B6D1-E6E319FBD447}.Release|Any CPU.Build.0 = Release|Any CPU
		{4185CE6B-587E-4D04-A74E-E448EE257EA5}.Debug|Any CPU.ActiveCfg = Debug|Any CPU
		{4185CE6B-587E-4D04-A74E-E448EE257EA5}.Debug|Any CPU.Build.0 = Debug|Any CPU
		{4185CE6B-587E-4D04-A74E-E448EE257EA5}.Release|Any CPU.ActiveCfg = Release|Any CPU
		{4185CE6B-587E-4D04-A74E-E448EE257EA5}.Release|Any CPU.Build.0 = Release|Any CPU
		{97CB58A9-BCE3-4A93-AF7E-C7AE4B436C45}.Debug|Any CPU.ActiveCfg = Debug|Any CPU
		{97CB58A9-BCE3-4A93-AF7E-C7AE4B436C45}.Debug|Any CPU.Build.0 = Debug|Any CPU
		{97CB58A9-BCE3-4A93-AF7E-C7AE4B436C45}.Release|Any CPU.ActiveCfg = Release|Any CPU
		{97CB58A9-BCE3-4A93-AF7E-C7AE4B436C45}.Release|Any CPU.Build.0 = Release|Any CPU
		{51F1694D-AE4E-46F3-A7E4-4C195EEAC066}.Debug|Any CPU.ActiveCfg = Debug|Any CPU
		{51F1694D-AE4E-46F3-A7E4-4C195EEAC066}.Debug|Any CPU.Build.0 = Debug|Any CPU
		{51F1694D-AE4E-46F3-A7E4-4C195EEAC066}.Release|Any CPU.ActiveCfg = Release|Any CPU
		{51F1694D-AE4E-46F3-A7E4-4C195EEAC066}.Release|Any CPU.Build.0 = Release|Any CPU
		{8CC529A9-5E76-4435-B0E1-A67052AEAD4A}.Debug|Any CPU.ActiveCfg = Debug|Any CPU
		{8CC529A9-5E76-4435-B0E1-A67052AEAD4A}.Debug|Any CPU.Build.0 = Debug|Any CPU
		{8CC529A9-5E76-4435-B0E1-A67052AEAD4A}.Release|Any CPU.ActiveCfg = Release|Any CPU
		{8CC529A9-5E76-4435-B0E1-A67052AEAD4A}.Release|Any CPU.Build.0 = Release|Any CPU
	EndGlobalSection
	GlobalSection(SolutionProperties) = preSolution
		HideSolutionNode = FALSE
	EndGlobalSection
	GlobalSection(ExtensibilityGlobals) = postSolution
		SolutionGuid = {23F3A981-51B8-4285-A38C-3267F1D25FE7}
	EndGlobalSection
EndGlobal
